github.com/fsnotify/fsnotify v1.6.0 h1:n+5WquG0fcWoWp6xPWfHdbskMCQaFnG6PfBrh1Ky4HY=
github.com/fsnotify/fsnotify v1.6.0/go.mod h1:sl3t1tCWJFWoRz9R8WJCbQihKKwmorjAbSClcnxKAGw=
github.com/miekg/dns v1.1.55 h1:GoQ4hpsj0nFLYe+bWiCToyrBEJXkQfOOIvFGFy0lEgo=
github.com/miekg/dns v1.1.55/go.mod h1:uInx36IzPl7FYnDcMeVWxj9byh7DutNykX4G9Sj60FY=
github.com/sunshineplan/service v1.0.13 h1:MzfLcr9+EyEsh2hTfBrjNHakGLga27ru49BKd12uz/o=
github.com/sunshineplan/service v1.0.13/go.mod h1:luZzA2SGoyNXBr69FeaV+3wCOgFyy/9w9CQJerYElOs=
github.com/sunshineplan/utils v0.1.43 h1:+IzCXF0qG9iU/HBJsTQERGLciGCJ9d9nYPVSJAVJq3A=
github.com/sunshineplan/utils v0.1.43/go.mod h1:Wx+eubdt52Vl0l7U6gGjtP6VGrA5jqLeqWNDckGXL8I=
github.com/sunshineplan/utils/httpproxy v1.0.6 h1:ZXLE5OcLbZ3LVKGjOP+JyNbeWcLOYTR+5srG1T9LF1s=
github.com/sunshineplan/utils/httpproxy v1.0.6/go.mod h1:4TO5jy9+SS2y0L6Znua0ZRDvuabRdcLUYBIfUkL8Yk0=
golang.org/x/mod v0.7.0 h1:LapD9S96VoQRhi/GrNTqeBJFrUjs5UHCAtTlgwA5oZA=
golang.org/x/mod v0.7.0/go.mod h1:iBbtSCu2XBx23ZKBPSOrRkjjQPZFPuis4dIYUhu/chs=
golang.org/x/net v0.12.0 h1:cfawfvKITfUsFCeJIHJrbSxpeu/E81khclypR0GVT50=
golang.org/x/net v0.12.0/go.mod h1:zEVYFnQC7m/vmpQFELhcD1EWkZlX69l4oqgmer6hfKA=
golang.org/x/sync v0.1.0 h1:wsuoTGHzEhffawBOhz5CYhcrV4IdKZbEyZjBMuTp12o=
golang.org/x/sys v0.0.0-20220908164124-27713097b956/go.mod h1:oPkhp1MJrh7nUepCBck5+mAzfO9JrbApNNgaTdGDITg=
golang.org/x/sys v0.10.0 h1:SqMFp9UcQJZa+pmYuAKjd9xq1f0j5rLcDIk0mj4qAsA=
golang.org/x/sys v0.10.0/go.mod h1:oPkhp1MJrh7nUepCBck5+mAzfO9JrbApNNgaTdGDITg=
golang.org/x/tools v0.3.0 h1:SrNbZl6ECOS1qFzgTdQfWXZM9XBkiA6tkFrH9YSTPHM=
golang.org/x/tools v0.3.0/go.mod h1:/rWhSS2+zyEVwoJf8YAX6L2f0ntZ7Kn/mGgAWcipA5k=
