github.com/fsnotify/fsnotify v1.6.0 h1:n+5WquG0fcWoWp6xPWfHdbskMCQaFnG6PfBrh1Ky4HY=
github.com/fsnotify/fsnotify v1.6.0/go.mod h1:sl3t1tCWJFWoRz9R8WJCbQihKKwmorjAbSClcnxKAGw=
github.com/miekg/dns v1.1.55 h1:GoQ4hpsj0nFLYe+bWiCToyrBEJXkQfOOIvFGFy0lEgo=
github.com/miekg/dns v1.1.55/go.mod h1:uInx36IzPl7FYnDcMeVWxj9byh7DutNykX4G9Sj60FY=
github.com/sunshineplan/service v1.0.14 h1:oC/+o9G2hFajm5BxYbqxtyKkRUJtfeoe6qYW3Mm4awQ=
github.com/sunshineplan/service v1.0.14/go.mod h1:9DVcPPbH76fg+fQ1LJSrqcE6FSeJu6F3RsXfgXZgMzc=
github.com/sunshineplan/utils v0.1.51 h1:d9bgvMwUJFw9s0HTMq7cD8zjKiHJaBdJ/yR5HYvBBOA=
github.com/sunshineplan/utils v0.1.51/go.mod h1:7zhDUGgKo2FMFzs7j6IL7B/lh3BRuE7rb7R7IgGOAfc=
github.com/sunshineplan/utils/httpproxy v1.0.6 h1:ZXLE5OcLbZ3LVKGjOP+JyNbeWcLOYTR+5srG1T9LF1s=
github.com/sunshineplan/utils/httpproxy v1.0.6/go.mod h1:4TO5jy9+SS2y0L6Znua0ZRDvuabRdcLUYBIfUkL8Yk0=
golang.org/x/mod v0.7.0 h1:LapD9S96VoQRhi/GrNTqeBJFrUjs5UHCAtTlgwA5oZA=
golang.org/x/mod v0.7.0/go.mod h1:iBbtSCu2XBx23ZKBPSOrRkjjQPZFPuis4dIYUhu/chs=
golang.org/x/net v0.15.0 h1:ugBLEUaxABaB5AJqW9enI0ACdci2RUd4eP51NTBvuJ8=
golang.org/x/net v0.15.0/go.mod h1:idbUs1IY1+zTqbi8yxTbhexhEEk5ur9LInksu6HrEpk=
golang.org/x/sync v0.1.0 h1:wsuoTGHzEhffawBOhz5CYhcrV4IdKZbEyZjBMuTp12o=
golang.org/x/sync v0.1.0/go.mod h1:RxMgew5VJxzue5/jJTE5uejpjVlOe/izrB70Jof72aM=
golang.org/x/sys v0.0.0-20220908164124-27713097b956/go.mod h1:oPkhp1MJrh7nUepCBck5+mAzfO9JrbApNNgaTdGDITg=
golang.org/x/sys v0.12.0 h1:CM0HF96J0hcLAwsHPJZjfdNzs0gftsLfgKt57wWHJ0o=
golang.org/x/sys v0.12.0/go.mod h1:oPkhp1MJrh7nUepCBck5+mAzfO9JrbApNNgaTdGDITg=
golang.org/x/tools v0.3.0 h1:SrNbZl6ECOS1qFzgTdQfWXZM9XBkiA6tkFrH9YSTPHM=
golang.org/x/tools v0.3.0/go.mod h1:/rWhSS2+zyEVwoJf8YAX6L2f0ntZ7Kn/mGgAWcipA5k=
